
Microsoft Visual Studio Solution File, Format Version 12.00
# Visual Studio Version 17
VisualStudioVersion = 17.9.34714.143
MinimumVisualStudioVersion = 10.0.40219.1
Project("{FAE04EC0-301F-11D3-BF4B-00C04F79EFBC}") = "Diamante", "Diamante\Diamante.csproj", "{33E35933-88A2-4DCE-B312-585182B453C9}"
EndProject
Global
	GlobalSection(SolutionConfigurationPlatforms) = preSolution
		Debug|Any CPU = Debug|Any CPU
		Release|Any CPU = Release|Any CPU
	EndGlobalSection
	GlobalSection(ProjectConfigurationPlatforms) = postSolution
		{33E35933-88A2-4DCE-B312-585182B453C9}.Debug|Any CPU.ActiveCfg = Debug|Any CPU
		{33E35933-88A2-4DCE-B312-585182B453C9}.Debug|Any CPU.Build.0 = Debug|Any CPU
		{33E35933-88A2-4DCE-B312-585182B453C9}.Release|Any CPU.ActiveCfg = Release|Any CPU
		{33E35933-88A2-4DCE-B312-585182B453C9}.Release|Any CPU.Build.0 = Release|Any CPU
	EndGlobalSection
	GlobalSection(SolutionProperties) = preSolution
		HideSolutionNode = FALSE
	EndGlobalSection
	GlobalSection(ExtensibilityGlobals) = postSolution
		SolutionGuid = {57E213D6-11DD-44D1-90D9-3415AD2AD5C5}
	EndGlobalSection
EndGlobal
